
Microsoft Visual Studio Solution File, Format Version 12.00
# Visual Studio 14
VisualStudioVersion = 14.0.22823.1
MinimumVisualStudioVersion = 10.0.40219.1
Project("{FAE04EC0-301F-11D3-BF4B-00C04F79EFBC}") = "Enclave", "Enclave\Enclave.csproj", "{994F09DE-1E20-437B-9F00-5CD0FDCFF840}"
EndProject
Global
	GlobalSection(SolutionConfigurationPlatforms) = preSolution
		Debug|Any CPU = Debug|Any CPU
		Release|Any CPU = Release|Any CPU
	EndGlobalSection
	GlobalSection(ProjectConfigurationPlatforms) = postSolution
		{994F09DE-1E20-437B-9F00-5CD0FDCFF840}.Debug|Any CPU.ActiveCfg = Debug|Any CPU
		{994F09DE-1E20-437B-9F00-5CD0FDCFF840}.Debug|Any CPU.Build.0 = Debug|Any CPU
		{994F09DE-1E20-437B-9F00-5CD0FDCFF840}.Release|Any CPU.ActiveCfg = Release|Any CPU
		{994F09DE-1E20-437B-9F00-5CD0FDCFF840}.Release|Any CPU.Build.0 = Release|Any CPU
	EndGlobalSection
	GlobalSection(SolutionProperties) = preSolution
		HideSolutionNode = FALSE
	EndGlobalSection
EndGlobal
